
Microsoft Visual Studio Solution File, Format Version 12.00
# Visual Studio 15
VisualStudioVersion = 15.0.27428.2002
MinimumVisualStudioVersion = 10.0.40219.1
Project("{FAE04EC0-301F-11D3-BF4B-00C04F79EFBC}") = "RqbbitMQ.Consumer", "RqbbitMQ.Consumer\RqbbitMQ.Consumer.csproj", "{79318D8B-07CB-4E15-850C-2D6E58A25514}"
EndProject
Project("{FAE04EC0-301F-11D3-BF4B-00C04F79EFBC}") = "RqbbitMQ.Producer", "RqbbitMQ.Producer\RqbbitMQ.Producer.csproj", "{8D0C91DC-38DC-4B74-859B-020AFACDCFD8}"
EndProject
Global
	GlobalSection(SolutionConfigurationPlatforms) = preSolution
		Debug|Any CPU = Debug|Any CPU
		Release|Any CPU = Release|Any CPU
	EndGlobalSection
	GlobalSection(ProjectConfigurationPlatforms) = postSolution
		{79318D8B-07CB-4E15-850C-2D6E58A25514}.Debug|Any CPU.ActiveCfg = Debug|Any CPU
		{79318D8B-07CB-4E15-850C-2D6E58A25514}.Debug|Any CPU.Build.0 = Debug|Any CPU
		{79318D8B-07CB-4E15-850C-2D6E58A25514}.Release|Any CPU.ActiveCfg = Release|Any CPU
		{79318D8B-07CB-4E15-850C-2D6E58A25514}.Release|Any CPU.Build.0 = Release|Any CPU
		{8D0C91DC-38DC-4B74-859B-020AFACDCFD8}.Debug|Any CPU.ActiveCfg = Debug|Any CPU
		{8D0C91DC-38DC-4B74-859B-020AFACDCFD8}.Debug|Any CPU.Build.0 = Debug|Any CPU
		{8D0C91DC-38DC-4B74-859B-020AFACDCFD8}.Release|Any CPU.ActiveCfg = Release|Any CPU
		{8D0C91DC-38DC-4B74-859B-020AFACDCFD8}.Release|Any CPU.Build.0 = Release|Any CPU
	EndGlobalSection
	GlobalSection(SolutionProperties) = preSolution
		HideSolutionNode = FALSE
	EndGlobalSection
	GlobalSection(ExtensibilityGlobals) = postSolution
		SolutionGuid = {59C80B8B-8F72-4266-B722-BC129B5E1261}
	EndGlobalSection
EndGlobal
